
Microsoft Visual Studio Solution File, Format Version 10.00
# Visual C# Express 2008
Project("{FAE04EC0-301F-11D3-BF4B-00C04F79EFBC}") = "XMLLib", "XMLLib\XMLLib.csproj", "{A7D6E7ED-8A4B-4EED-90B9-2627BA27A677}"
EndProject
Project("{FAE04EC0-301F-11D3-BF4B-00C04F79EFBC}") = "test", "test\test.csproj", "{4A2674A4-AB3A-4B52-BC88-87262B670FF4}"
EndProject
Global
	GlobalSection(SolutionConfigurationPlatforms) = preSolution
		Debug|Any CPU = Debug|Any CPU
		Release|Any CPU = Release|Any CPU
	EndGlobalSection
	GlobalSection(ProjectConfigurationPlatforms) = postSolution
		{A7D6E7ED-8A4B-4EED-90B9-2627BA27A677}.Debug|Any CPU.ActiveCfg = Debug|Any CPU
		{A7D6E7ED-8A4B-4EED-90B9-2627BA27A677}.Debug|Any CPU.Build.0 = Debug|Any CPU
		{A7D6E7ED-8A4B-4EED-90B9-2627BA27A677}.Release|Any CPU.ActiveCfg = Release|Any CPU
		{A7D6E7ED-8A4B-4EED-90B9-2627BA27A677}.Release|Any CPU.Build.0 = Release|Any CPU
		{4A2674A4-AB3A-4B52-BC88-87262B670FF4}.Debug|Any CPU.ActiveCfg = Debug|Any CPU
		{4A2674A4-AB3A-4B52-BC88-87262B670FF4}.Debug|Any CPU.Build.0 = Debug|Any CPU
		{4A2674A4-AB3A-4B52-BC88-87262B670FF4}.Release|Any CPU.ActiveCfg = Release|Any CPU
		{4A2674A4-AB3A-4B52-BC88-87262B670FF4}.Release|Any CPU.Build.0 = Release|Any CPU
	EndGlobalSection
	GlobalSection(SolutionProperties) = preSolution
		HideSolutionNode = FALSE
	EndGlobalSection
EndGlobal
