Microsoft Visual Studio Solution File, Format Version 10.00
# Visual Studio 2008
Project("{FAE04EC0-301F-11D3-BF4B-00C04F79EFBC}") = "Core", "Core\Core.csproj", "{BFAF50DC-4942-46B8-8615-2A0B4CF08AD2}"
EndProject
Project("{FAE04EC0-301F-11D3-BF4B-00C04F79EFBC}") = "Neuro", "Neuro\Neuro.csproj", "{53B51230-2CD7-435B-8677-A3E24D134CD8}"
EndProject
Project("{FAE04EC0-301F-11D3-BF4B-00C04F79EFBC}") = "Controls", "Controls\Controls.csproj", "{D08F6D8A-A5F5-49C3-B607-526D9EE0DEE3}"
EndProject
Project("{FAE04EC0-301F-11D3-BF4B-00C04F79EFBC}") = "Approximation", "..\Samples\Neuro\Back Propagation\Approximation\Approximation.csproj", "{1A7BCB9F-5DD2-4C16-9969-88C31720865F}"
EndProject
Project("{2150E333-8FDC-42A3-9474-1A3956D46DE8}") = "Back Propagation", "Back Propagation", "{F9EDF7F7-3F69-4673-98B3-41E57B047458}"
EndProject
Project("{FAE04EC0-301F-11D3-BF4B-00C04F79EFBC}") = "TimeSeries", "..\Samples\Neuro\Back Propagation\TimeSeries\TimeSeries.csproj", "{2DEF9F9D-DED2-4572-881D-6E018AEE957F}"
EndProject
Project("{FAE04EC0-301F-11D3-BF4B-00C04F79EFBC}") = "XORProblem", "..\Samples\Neuro\Back Propagation\XORProblem\XORProblem.csproj", "{527BB23D-A674-4147-B58D-DCC894737140}"
EndProject
Project("{2150E333-8FDC-42A3-9474-1A3956D46DE8}") = "Samples", "Samples", "{D7891C74-2AE9-4136-A379-6237FA511CE7}"
EndProject
Project("{2150E333-8FDC-42A3-9474-1A3956D46DE8}") = "Simple", "Simple", "{E13EB521-2958-41F4-A458-1EBC70EB270A}"
EndProject
Project("{FAE04EC0-301F-11D3-BF4B-00C04F79EFBC}") = "Classifier", "..\Samples\Neuro\Simple\Delta Rule Learning\Classifier.csproj", "{22245733-2B6B-4BA6-B10B-016061B21DF1}"
EndProject
Project("{FAE04EC0-301F-11D3-BF4B-00C04F79EFBC}") = "Classifier2", "..\Samples\Neuro\Simple\One-Layer Perceptron Classifier\Classifier2.csproj", "{765D49C5-D157-4482-9E42-CE93D83F9AD1}"
EndProject
Project("{FAE04EC0-301F-11D3-BF4B-00C04F79EFBC}") = "Classifier3", "..\Samples\Neuro\Simple\Perceptron Classifier\Classifier3.csproj", "{531E8C46-6FA1-4B25-AF6F-10BB9FF7326D}"
EndProject
Project("{2150E333-8FDC-42A3-9474-1A3956D46DE8}") = "SOM", "SOM", "{8302D9F4-5CE9-4896-AC85-59150D0F3E52}"
EndProject
Project("{FAE04EC0-301F-11D3-BF4B-00C04F79EFBC}") = "2DOrganizing", "..\Samples\Neuro\SOM\2DOrganizing\2DOrganizing.csproj", "{C646B987-EA7E-4D82-A930-448DE583FEB3}"
EndProject
Project("{FAE04EC0-301F-11D3-BF4B-00C04F79EFBC}") = "Color", "..\Samples\Neuro\SOM\Color\Color.csproj", "{59E2469C-197F-4A4C-9D52-AA58EA49927E}"
EndProject
Project("{FAE04EC0-301F-11D3-BF4B-00C04F79EFBC}") = "TSP", "..\Samples\Neuro\SOM\TSP\TSP.csproj", "{6FA77B7F-E933-4B25-AC4C-99E343B35AC8}"
EndProject
Project("{FAE04EC0-301F-11D3-BF4B-00C04F79EFBC}") = "RolePlayingGameDataWindows", "..\Samples\RolePlayingGameWindows1\RolePlayingGameDataWindows\RolePlayingGameDataWindows.csproj", "{C0D09194-EE4D-479B-AE7A-B60B97893FBB}"
EndProject
Project("{FAE04EC0-301F-11D3-BF4B-00C04F79EFBC}") = "RolePlayingGameProcessors", "..\Samples\RolePlayingGameWindows1\RolePlayingGameProcessors\RolePlayingGameProcessors.csproj", "{C8E23C5F-7F59-4D9C-83CD-7959B52BBB2E}"
EndProject
Project("{FAE04EC0-301F-11D3-BF4B-00C04F79EFBC}") = "RolePlayingGameWindows", "..\Samples\RolePlayingGameWindows1\RolePlayingGameWindows\RolePlayingGameWindows.csproj", "{98D9859D-5CFE-4D89-8582-35EAD5DEA9C2}"
EndProject
Project("{FAE04EC0-301F-11D3-BF4B-00C04F79EFBC}") = "WindowsGame2", "..\Samples\WindowsGame2\WindowsGame2.csproj", "{72E7FA8C-E472-44B9-A973-58D586C24AD7}"
EndProject
Global
	GlobalSection(SolutionConfigurationPlatforms) = preSolution
		Debug|Any CPU = Debug|Any CPU
		Debug|Mixed Platforms = Debug|Mixed Platforms
		Debug|x86 = Debug|x86
		Debug|Xbox 360 = Debug|Xbox 360
		Release|Any CPU = Release|Any CPU
		Release|Mixed Platforms = Release|Mixed Platforms
		Release|x86 = Release|x86
		Release|Xbox 360 = Release|Xbox 360
	EndGlobalSection
	GlobalSection(ProjectConfigurationPlatforms) = postSolution
		{BFAF50DC-4942-46B8-8615-2A0B4CF08AD2}.Debug|Any CPU.ActiveCfg = Debug|Any CPU
		{BFAF50DC-4942-46B8-8615-2A0B4CF08AD2}.Debug|Any CPU.Build.0 = Debug|Any CPU
		{BFAF50DC-4942-46B8-8615-2A0B4CF08AD2}.Debug|Mixed Platforms.ActiveCfg = Debug|x86
		{BFAF50DC-4942-46B8-8615-2A0B4CF08AD2}.Debug|Mixed Platforms.Build.0 = Debug|x86
		{BFAF50DC-4942-46B8-8615-2A0B4CF08AD2}.Debug|x86.ActiveCfg = Debug|Any CPU
		{BFAF50DC-4942-46B8-8615-2A0B4CF08AD2}.Debug|Xbox 360.ActiveCfg = Debug|Any CPU
		{BFAF50DC-4942-46B8-8615-2A0B4CF08AD2}.Release|Any CPU.ActiveCfg = Release|Any CPU
		{BFAF50DC-4942-46B8-8615-2A0B4CF08AD2}.Release|Any CPU.Build.0 = Release|Any CPU
		{BFAF50DC-4942-46B8-8615-2A0B4CF08AD2}.Release|Mixed Platforms.ActiveCfg = Release|Any CPU
		{BFAF50DC-4942-46B8-8615-2A0B4CF08AD2}.Release|Mixed Platforms.Build.0 = Release|Any CPU
		{BFAF50DC-4942-46B8-8615-2A0B4CF08AD2}.Release|x86.ActiveCfg = Release|Any CPU
		{BFAF50DC-4942-46B8-8615-2A0B4CF08AD2}.Release|Xbox 360.ActiveCfg = Release|Any CPU
		{53B51230-2CD7-435B-8677-A3E24D134CD8}.Debug|Any CPU.ActiveCfg = Debug|Any CPU
		{53B51230-2CD7-435B-8677-A3E24D134CD8}.Debug|Any CPU.Build.0 = Debug|Any CPU
		{53B51230-2CD7-435B-8677-A3E24D134CD8}.Debug|Mixed Platforms.ActiveCfg = Debug|x86
		{53B51230-2CD7-435B-8677-A3E24D134CD8}.Debug|Mixed Platforms.Build.0 = Debug|x86
		{53B51230-2CD7-435B-8677-A3E24D134CD8}.Debug|x86.ActiveCfg = Debug|Any CPU
		{53B51230-2CD7-435B-8677-A3E24D134CD8}.Debug|Xbox 360.ActiveCfg = Debug|Any CPU
		{53B51230-2CD7-435B-8677-A3E24D134CD8}.Release|Any CPU.ActiveCfg = Release|Any CPU
		{53B51230-2CD7-435B-8677-A3E24D134CD8}.Release|Any CPU.Build.0 = Release|Any CPU
		{53B51230-2CD7-435B-8677-A3E24D134CD8}.Release|Mixed Platforms.ActiveCfg = Release|Any CPU
		{53B51230-2CD7-435B-8677-A3E24D134CD8}.Release|Mixed Platforms.Build.0 = Release|Any CPU
		{53B51230-2CD7-435B-8677-A3E24D134CD8}.Release|x86.ActiveCfg = Release|Any CPU
		{53B51230-2CD7-435B-8677-A3E24D134CD8}.Release|Xbox 360.ActiveCfg = Release|Any CPU
		{D08F6D8A-A5F5-49C3-B607-526D9EE0DEE3}.Debug|Any CPU.ActiveCfg = Debug|Any CPU
		{D08F6D8A-A5F5-49C3-B607-526D9EE0DEE3}.Debug|Any CPU.Build.0 = Debug|Any CPU
		{D08F6D8A-A5F5-49C3-B607-526D9EE0DEE3}.Debug|Mixed Platforms.ActiveCfg = Debug|x86
		{D08F6D8A-A5F5-49C3-B607-526D9EE0DEE3}.Debug|Mixed Platforms.Build.0 = Debug|x86
		{D08F6D8A-A5F5-49C3-B607-526D9EE0DEE3}.Debug|x86.ActiveCfg = Debug|Any CPU
		{D08F6D8A-A5F5-49C3-B607-526D9EE0DEE3}.Debug|Xbox 360.ActiveCfg = Debug|Any CPU
		{D08F6D8A-A5F5-49C3-B607-526D9EE0DEE3}.Release|Any CPU.ActiveCfg = Release|Any CPU
		{D08F6D8A-A5F5-49C3-B607-526D9EE0DEE3}.Release|Any CPU.Build.0 = Release|Any CPU
		{D08F6D8A-A5F5-49C3-B607-526D9EE0DEE3}.Release|Mixed Platforms.ActiveCfg = Release|Any CPU
		{D08F6D8A-A5F5-49C3-B607-526D9EE0DEE3}.Release|Mixed Platforms.Build.0 = Release|Any CPU
		{D08F6D8A-A5F5-49C3-B607-526D9EE0DEE3}.Release|x86.ActiveCfg = Release|Any CPU
		{D08F6D8A-A5F5-49C3-B607-526D9EE0DEE3}.Release|Xbox 360.ActiveCfg = Release|Any CPU
		{1A7BCB9F-5DD2-4C16-9969-88C31720865F}.Debug|Any CPU.ActiveCfg = Debug|Any CPU
		{1A7BCB9F-5DD2-4C16-9969-88C31720865F}.Debug|Any CPU.Build.0 = Debug|Any CPU
		{1A7BCB9F-5DD2-4C16-9969-88C31720865F}.Debug|Mixed Platforms.ActiveCfg = Debug|Any CPU
		{1A7BCB9F-5DD2-4C16-9969-88C31720865F}.Debug|Mixed Platforms.Build.0 = Debug|Any CPU
		{1A7BCB9F-5DD2-4C16-9969-88C31720865F}.Debug|x86.ActiveCfg = Debug|Any CPU
		{1A7BCB9F-5DD2-4C16-9969-88C31720865F}.Debug|Xbox 360.ActiveCfg = Debug|Any CPU
		{1A7BCB9F-5DD2-4C16-9969-88C31720865F}.Release|Any CPU.ActiveCfg = Release|Any CPU
		{1A7BCB9F-5DD2-4C16-9969-88C31720865F}.Release|Any CPU.Build.0 = Release|Any CPU
		{1A7BCB9F-5DD2-4C16-9969-88C31720865F}.Release|Mixed Platforms.ActiveCfg = Release|Any CPU
		{1A7BCB9F-5DD2-4C16-9969-88C31720865F}.Release|Mixed Platforms.Build.0 = Release|Any CPU
		{1A7BCB9F-5DD2-4C16-9969-88C31720865F}.Release|x86.ActiveCfg = Release|Any CPU
		{1A7BCB9F-5DD2-4C16-9969-88C31720865F}.Release|Xbox 360.ActiveCfg = Release|Any CPU
		{2DEF9F9D-DED2-4572-881D-6E018AEE957F}.Debug|Any CPU.ActiveCfg = Debug|Any CPU
		{2DEF9F9D-DED2-4572-881D-6E018AEE957F}.Debug|Any CPU.Build.0 = Debug|Any CPU
		{2DEF9F9D-DED2-4572-881D-6E018AEE957F}.Debug|Mixed Platforms.ActiveCfg = Debug|Any CPU
		{2DEF9F9D-DED2-4572-881D-6E018AEE957F}.Debug|Mixed Platforms.Build.0 = Debug|Any CPU
		{2DEF9F9D-DED2-4572-881D-6E018AEE957F}.Debug|x86.ActiveCfg = Debug|Any CPU
		{2DEF9F9D-DED2-4572-881D-6E018AEE957F}.Debug|Xbox 360.ActiveCfg = Debug|Any CPU
		{2DEF9F9D-DED2-4572-881D-6E018AEE957F}.Release|Any CPU.ActiveCfg = Release|Any CPU
		{2DEF9F9D-DED2-4572-881D-6E018AEE957F}.Release|Any CPU.Build.0 = Release|Any CPU
		{2DEF9F9D-DED2-4572-881D-6E018AEE957F}.Release|Mixed Platforms.ActiveCfg = Release|Any CPU
		{2DEF9F9D-DED2-4572-881D-6E018AEE957F}.Release|Mixed Platforms.Build.0 = Release|Any CPU
		{2DEF9F9D-DED2-4572-881D-6E018AEE957F}.Release|x86.ActiveCfg = Release|Any CPU
		{2DEF9F9D-DED2-4572-881D-6E018AEE957F}.Release|Xbox 360.ActiveCfg = Release|Any CPU
		{527BB23D-A674-4147-B58D-DCC894737140}.Debug|Any CPU.ActiveCfg = Debug|Any CPU
		{527BB23D-A674-4147-B58D-DCC894737140}.Debug|Any CPU.Build.0 = Debug|Any CPU
		{527BB23D-A674-4147-B58D-DCC894737140}.Debug|Mixed Platforms.ActiveCfg = Debug|Any CPU
		{527BB23D-A674-4147-B58D-DCC894737140}.Debug|Mixed Platforms.Build.0 = Debug|Any CPU
		{527BB23D-A674-4147-B58D-DCC894737140}.Debug|x86.ActiveCfg = Debug|Any CPU
		{527BB23D-A674-4147-B58D-DCC894737140}.Debug|Xbox 360.ActiveCfg = Debug|Any CPU
		{527BB23D-A674-4147-B58D-DCC894737140}.Release|Any CPU.ActiveCfg = Release|Any CPU
		{527BB23D-A674-4147-B58D-DCC894737140}.Release|Any CPU.Build.0 = Release|Any CPU
		{527BB23D-A674-4147-B58D-DCC894737140}.Release|Mixed Platforms.ActiveCfg = Release|Any CPU
		{527BB23D-A674-4147-B58D-DCC894737140}.Release|Mixed Platforms.Build.0 = Release|Any CPU
		{527BB23D-A674-4147-B58D-DCC894737140}.Release|x86.ActiveCfg = Release|Any CPU
		{527BB23D-A674-4147-B58D-DCC894737140}.Release|Xbox 360.ActiveCfg = Release|Any CPU
		{22245733-2B6B-4BA6-B10B-016061B21DF1}.Debug|Any CPU.ActiveCfg = Debug|Any CPU
		{22245733-2B6B-4BA6-B10B-016061B21DF1}.Debug|Any CPU.Build.0 = Debug|Any CPU
		{22245733-2B6B-4BA6-B10B-016061B21DF1}.Debug|Mixed Platforms.ActiveCfg = Debug|Any CPU
		{22245733-2B6B-4BA6-B10B-016061B21DF1}.Debug|Mixed Platforms.Build.0 = Debug|Any CPU
		{22245733-2B6B-4BA6-B10B-016061B21DF1}.Debug|x86.ActiveCfg = Debug|Any CPU
		{22245733-2B6B-4BA6-B10B-016061B21DF1}.Debug|Xbox 360.ActiveCfg = Debug|Any CPU
		{22245733-2B6B-4BA6-B10B-016061B21DF1}.Release|Any CPU.ActiveCfg = Release|Any CPU
		{22245733-2B6B-4BA6-B10B-016061B21DF1}.Release|Any CPU.Build.0 = Release|Any CPU
		{22245733-2B6B-4BA6-B10B-016061B21DF1}.Release|Mixed Platforms.ActiveCfg = Release|Any CPU
		{22245733-2B6B-4BA6-B10B-016061B21DF1}.Release|Mixed Platforms.Build.0 = Release|Any CPU
		{22245733-2B6B-4BA6-B10B-016061B21DF1}.Release|x86.ActiveCfg = Release|Any CPU
		{22245733-2B6B-4BA6-B10B-016061B21DF1}.Release|Xbox 360.ActiveCfg = Release|Any CPU
		{765D49C5-D157-4482-9E42-CE93D83F9AD1}.Debug|Any CPU.ActiveCfg = Debug|Any CPU
		{765D49C5-D157-4482-9E42-CE93D83F9AD1}.Debug|Any CPU.Build.0 = Debug|Any CPU
		{765D49C5-D157-4482-9E42-CE93D83F9AD1}.Debug|Mixed Platforms.ActiveCfg = Debug|Any CPU
		{765D49C5-D157-4482-9E42-CE93D83F9AD1}.Debug|Mixed Platforms.Build.0 = Debug|Any CPU
		{765D49C5-D157-4482-9E42-CE93D83F9AD1}.Debug|x86.ActiveCfg = Debug|Any CPU
		{765D49C5-D157-4482-9E42-CE93D83F9AD1}.Debug|Xbox 360.ActiveCfg = Debug|Any CPU
		{765D49C5-D157-4482-9E42-CE93D83F9AD1}.Release|Any CPU.ActiveCfg = Release|Any CPU
		{765D49C5-D157-4482-9E42-CE93D83F9AD1}.Release|Any CPU.Build.0 = Release|Any CPU
		{765D49C5-D157-4482-9E42-CE93D83F9AD1}.Release|Mixed Platforms.ActiveCfg = Release|Any CPU
		{765D49C5-D157-4482-9E42-CE93D83F9AD1}.Release|Mixed Platforms.Build.0 = Release|Any CPU
		{765D49C5-D157-4482-9E42-CE93D83F9AD1}.Release|x86.ActiveCfg = Release|Any CPU
		{765D49C5-D157-4482-9E42-CE93D83F9AD1}.Release|Xbox 360.ActiveCfg = Release|Any CPU
		{531E8C46-6FA1-4B25-AF6F-10BB9FF7326D}.Debug|Any CPU.ActiveCfg = Debug|Any CPU
		{531E8C46-6FA1-4B25-AF6F-10BB9FF7326D}.Debug|Any CPU.Build.0 = Debug|Any CPU
		{531E8C46-6FA1-4B25-AF6F-10BB9FF7326D}.Debug|Mixed Platforms.ActiveCfg = Debug|Any CPU
		{531E8C46-6FA1-4B25-AF6F-10BB9FF7326D}.Debug|Mixed Platforms.Build.0 = Debug|Any CPU
		{531E8C46-6FA1-4B25-AF6F-10BB9FF7326D}.Debug|x86.ActiveCfg = Debug|Any CPU
		{531E8C46-6FA1-4B25-AF6F-10BB9FF7326D}.Debug|Xbox 360.ActiveCfg = Debug|Any CPU
		{531E8C46-6FA1-4B25-AF6F-10BB9FF7326D}.Release|Any CPU.ActiveCfg = Release|Any CPU
		{531E8C46-6FA1-4B25-AF6F-10BB9FF7326D}.Release|Any CPU.Build.0 = Release|Any CPU
		{531E8C46-6FA1-4B25-AF6F-10BB9FF7326D}.Release|Mixed Platforms.ActiveCfg = Release|Any CPU
		{531E8C46-6FA1-4B25-AF6F-10BB9FF7326D}.Release|Mixed Platforms.Build.0 = Release|Any CPU
		{531E8C46-6FA1-4B25-AF6F-10BB9FF7326D}.Release|x86.ActiveCfg = Release|Any CPU
		{531E8C46-6FA1-4B25-AF6F-10BB9FF7326D}.Release|Xbox 360.ActiveCfg = Release|Any CPU
		{C646B987-EA7E-4D82-A930-448DE583FEB3}.Debug|Any CPU.ActiveCfg = Debug|Any CPU
		{C646B987-EA7E-4D82-A930-448DE583FEB3}.Debug|Any CPU.Build.0 = Debug|Any CPU
		{C646B987-EA7E-4D82-A930-448DE583FEB3}.Debug|Mixed Platforms.ActiveCfg = Debug|x86
		{C646B987-EA7E-4D82-A930-448DE583FEB3}.Debug|Mixed Platforms.Build.0 = Debug|x86
		{C646B987-EA7E-4D82-A930-448DE583FEB3}.Debug|x86.ActiveCfg = Debug|Any CPU
		{C646B987-EA7E-4D82-A930-448DE583FEB3}.Debug|Xbox 360.ActiveCfg = Debug|Any CPU
		{C646B987-EA7E-4D82-A930-448DE583FEB3}.Release|Any CPU.ActiveCfg = Release|Any CPU
		{C646B987-EA7E-4D82-A930-448DE583FEB3}.Release|Any CPU.Build.0 = Release|Any CPU
		{C646B987-EA7E-4D82-A930-448DE583FEB3}.Release|Mixed Platforms.ActiveCfg = Release|Any CPU
		{C646B987-EA7E-4D82-A930-448DE583FEB3}.Release|Mixed Platforms.Build.0 = Release|Any CPU
		{C646B987-EA7E-4D82-A930-448DE583FEB3}.Release|x86.ActiveCfg = Release|Any CPU
		{C646B987-EA7E-4D82-A930-448DE583FEB3}.Release|Xbox 360.ActiveCfg = Release|Any CPU
		{59E2469C-197F-4A4C-9D52-AA58EA49927E}.Debug|Any CPU.ActiveCfg = Debug|Any CPU
		{59E2469C-197F-4A4C-9D52-AA58EA49927E}.Debug|Any CPU.Build.0 = Debug|Any CPU
		{59E2469C-197F-4A4C-9D52-AA58EA49927E}.Debug|Mixed Platforms.ActiveCfg = Debug|x86
		{59E2469C-197F-4A4C-9D52-AA58EA49927E}.Debug|Mixed Platforms.Build.0 = Debug|x86
		{59E2469C-197F-4A4C-9D52-AA58EA49927E}.Debug|x86.ActiveCfg = Debug|Any CPU
		{59E2469C-197F-4A4C-9D52-AA58EA49927E}.Debug|Xbox 360.ActiveCfg = Debug|Any CPU
		{59E2469C-197F-4A4C-9D52-AA58EA49927E}.Release|Any CPU.ActiveCfg = Release|Any CPU
		{59E2469C-197F-4A4C-9D52-AA58EA49927E}.Release|Any CPU.Build.0 = Release|Any CPU
		{59E2469C-197F-4A4C-9D52-AA58EA49927E}.Release|Mixed Platforms.ActiveCfg = Release|Any CPU
		{59E2469C-197F-4A4C-9D52-AA58EA49927E}.Release|Mixed Platforms.Build.0 = Release|Any CPU
		{59E2469C-197F-4A4C-9D52-AA58EA49927E}.Release|x86.ActiveCfg = Release|Any CPU
		{59E2469C-197F-4A4C-9D52-AA58EA49927E}.Release|Xbox 360.ActiveCfg = Release|Any CPU
		{6FA77B7F-E933-4B25-AC4C-99E343B35AC8}.Debug|Any CPU.ActiveCfg = Debug|Any CPU
		{6FA77B7F-E933-4B25-AC4C-99E343B35AC8}.Debug|Any CPU.Build.0 = Debug|Any CPU
		{6FA77B7F-E933-4B25-AC4C-99E343B35AC8}.Debug|Mixed Platforms.ActiveCfg = Debug|Any CPU
		{6FA77B7F-E933-4B25-AC4C-99E343B35AC8}.Debug|Mixed Platforms.Build.0 = Debug|Any CPU
		{6FA77B7F-E933-4B25-AC4C-99E343B35AC8}.Debug|x86.ActiveCfg = Debug|Any CPU
		{6FA77B7F-E933-4B25-AC4C-99E343B35AC8}.Debug|Xbox 360.ActiveCfg = Debug|Any CPU
		{6FA77B7F-E933-4B25-AC4C-99E343B35AC8}.Release|Any CPU.ActiveCfg = Release|Any CPU
		{6FA77B7F-E933-4B25-AC4C-99E343B35AC8}.Release|Any CPU.Build.0 = Release|Any CPU
		{6FA77B7F-E933-4B25-AC4C-99E343B35AC8}.Release|Mixed Platforms.ActiveCfg = Release|Any CPU
		{6FA77B7F-E933-4B25-AC4C-99E343B35AC8}.Release|Mixed Platforms.Build.0 = Release|Any CPU
		{6FA77B7F-E933-4B25-AC4C-99E343B35AC8}.Release|x86.ActiveCfg = Release|Any CPU
		{6FA77B7F-E933-4B25-AC4C-99E343B35AC8}.Release|Xbox 360.ActiveCfg = Release|Any CPU
		{C0D09194-EE4D-479B-AE7A-B60B97893FBB}.Debug|Any CPU.ActiveCfg = Debug|x86
		{C0D09194-EE4D-479B-AE7A-B60B97893FBB}.Debug|Mixed Platforms.ActiveCfg = Debug|x86
		{C0D09194-EE4D-479B-AE7A-B60B97893FBB}.Debug|Mixed Platforms.Build.0 = Debug|x86
		{C0D09194-EE4D-479B-AE7A-B60B97893FBB}.Debug|x86.ActiveCfg = Debug|x86
		{C0D09194-EE4D-479B-AE7A-B60B97893FBB}.Debug|x86.Build.0 = Debug|x86
		{C0D09194-EE4D-479B-AE7A-B60B97893FBB}.Debug|Xbox 360.ActiveCfg = Debug|x86
		{C0D09194-EE4D-479B-AE7A-B60B97893FBB}.Release|Any CPU.ActiveCfg = Release|x86
		{C0D09194-EE4D-479B-AE7A-B60B97893FBB}.Release|Mixed Platforms.ActiveCfg = Release|x86
		{C0D09194-EE4D-479B-AE7A-B60B97893FBB}.Release|Mixed Platforms.Build.0 = Release|x86
		{C0D09194-EE4D-479B-AE7A-B60B97893FBB}.Release|x86.ActiveCfg = Release|x86
		{C0D09194-EE4D-479B-AE7A-B60B97893FBB}.Release|x86.Build.0 = Release|x86
		{C0D09194-EE4D-479B-AE7A-B60B97893FBB}.Release|Xbox 360.ActiveCfg = Release|x86
		{C8E23C5F-7F59-4D9C-83CD-7959B52BBB2E}.Debug|Any CPU.ActiveCfg = Debug|Xbox 360
		{C8E23C5F-7F59-4D9C-83CD-7959B52BBB2E}.Debug|Mixed Platforms.ActiveCfg = Debug|x86
		{C8E23C5F-7F59-4D9C-83CD-7959B52BBB2E}.Debug|Mixed Platforms.Build.0 = Debug|x86
		{C8E23C5F-7F59-4D9C-83CD-7959B52BBB2E}.Debug|x86.ActiveCfg = Debug|x86
		{C8E23C5F-7F59-4D9C-83CD-7959B52BBB2E}.Debug|x86.Build.0 = Debug|x86
		{C8E23C5F-7F59-4D9C-83CD-7959B52BBB2E}.Debug|Xbox 360.ActiveCfg = Debug|Xbox 360
		{C8E23C5F-7F59-4D9C-83CD-7959B52BBB2E}.Debug|Xbox 360.Build.0 = Debug|Xbox 360
		{C8E23C5F-7F59-4D9C-83CD-7959B52BBB2E}.Release|Any CPU.ActiveCfg = Release|Xbox 360
		{C8E23C5F-7F59-4D9C-83CD-7959B52BBB2E}.Release|Mixed Platforms.ActiveCfg = Release|Xbox 360
		{C8E23C5F-7F59-4D9C-83CD-7959B52BBB2E}.Release|Mixed Platforms.Build.0 = Release|Xbox 360
		{C8E23C5F-7F59-4D9C-83CD-7959B52BBB2E}.Release|x86.ActiveCfg = Release|x86
		{C8E23C5F-7F59-4D9C-83CD-7959B52BBB2E}.Release|x86.Build.0 = Release|x86
		{C8E23C5F-7F59-4D9C-83CD-7959B52BBB2E}.Release|Xbox 360.ActiveCfg = Release|Xbox 360
		{C8E23C5F-7F59-4D9C-83CD-7959B52BBB2E}.Release|Xbox 360.Build.0 = Release|Xbox 360
		{98D9859D-5CFE-4D89-8582-35EAD5DEA9C2}.Debug|Any CPU.ActiveCfg = Debug|x86
		{98D9859D-5CFE-4D89-8582-35EAD5DEA9C2}.Debug|Mixed Platforms.ActiveCfg = Debug|x86
		{98D9859D-5CFE-4D89-8582-35EAD5DEA9C2}.Debug|Mixed Platforms.Build.0 = Debug|x86
		{98D9859D-5CFE-4D89-8582-35EAD5DEA9C2}.Debug|x86.ActiveCfg = Debug|x86
		{98D9859D-5CFE-4D89-8582-35EAD5DEA9C2}.Debug|x86.Build.0 = Debug|x86
		{98D9859D-5CFE-4D89-8582-35EAD5DEA9C2}.Debug|Xbox 360.ActiveCfg = Debug|x86
		{98D9859D-5CFE-4D89-8582-35EAD5DEA9C2}.Release|Any CPU.ActiveCfg = Release|x86
		{98D9859D-5CFE-4D89-8582-35EAD5DEA9C2}.Release|Mixed Platforms.ActiveCfg = Release|x86
		{98D9859D-5CFE-4D89-8582-35EAD5DEA9C2}.Release|Mixed Platforms.Build.0 = Release|x86
		{98D9859D-5CFE-4D89-8582-35EAD5DEA9C2}.Release|x86.ActiveCfg = Release|x86
		{98D9859D-5CFE-4D89-8582-35EAD5DEA9C2}.Release|x86.Build.0 = Release|x86
		{98D9859D-5CFE-4D89-8582-35EAD5DEA9C2}.Release|Xbox 360.ActiveCfg = Release|x86
		{72E7FA8C-E472-44B9-A973-58D586C24AD7}.Debug|Any CPU.ActiveCfg = Debug|x86
		{72E7FA8C-E472-44B9-A973-58D586C24AD7}.Debug|Mixed Platforms.ActiveCfg = Debug|x86
		{72E7FA8C-E472-44B9-A973-58D586C24AD7}.Debug|Mixed Platforms.Build.0 = Debug|x86
		{72E7FA8C-E472-44B9-A973-58D586C24AD7}.Debug|x86.ActiveCfg = Debug|x86
		{72E7FA8C-E472-44B9-A973-58D586C24AD7}.Debug|x86.Build.0 = Debug|x86
		{72E7FA8C-E472-44B9-A973-58D586C24AD7}.Debug|Xbox 360.ActiveCfg = Debug|x86
		{72E7FA8C-E472-44B9-A973-58D586C24AD7}.Release|Any CPU.ActiveCfg = Release|x86
		{72E7FA8C-E472-44B9-A973-58D586C24AD7}.Release|Mixed Platforms.ActiveCfg = Release|x86
		{72E7FA8C-E472-44B9-A973-58D586C24AD7}.Release|Mixed Platforms.Build.0 = Release|x86
		{72E7FA8C-E472-44B9-A973-58D586C24AD7}.Release|x86.ActiveCfg = Release|x86
		{72E7FA8C-E472-44B9-A973-58D586C24AD7}.Release|x86.Build.0 = Release|x86
		{72E7FA8C-E472-44B9-A973-58D586C24AD7}.Release|Xbox 360.ActiveCfg = Release|x86
		{2A6C6885-9848-49F7-A527-E444D2688881}.Debug|Any CPU.ActiveCfg = Debug|x86
		{2A6C6885-9848-49F7-A527-E444D2688881}.Debug|Mixed Platforms.ActiveCfg = Debug|x86
		{2A6C6885-9848-49F7-A527-E444D2688881}.Debug|x86.ActiveCfg = Debug|x86
		{2A6C6885-9848-49F7-A527-E444D2688881}.Debug|Xbox 360.ActiveCfg = Debug|x86
		{2A6C6885-9848-49F7-A527-E444D2688881}.Release|Any CPU.ActiveCfg = Release|x86
		{2A6C6885-9848-49F7-A527-E444D2688881}.Release|Mixed Platforms.ActiveCfg = Release|x86
		{2A6C6885-9848-49F7-A527-E444D2688881}.Release|x86.ActiveCfg = Release|x86
		{2A6C6885-9848-49F7-A527-E444D2688881}.Release|Xbox 360.ActiveCfg = Release|x86
		{7DC034F3-F563-4D32-BD21-426312AE5BE6}.Debug|Any CPU.ActiveCfg = Debug|x86
		{7DC034F3-F563-4D32-BD21-426312AE5BE6}.Debug|Mixed Platforms.ActiveCfg = Debug|x86
		{7DC034F3-F563-4D32-BD21-426312AE5BE6}.Debug|x86.ActiveCfg = Debug|x86
		{7DC034F3-F563-4D32-BD21-426312AE5BE6}.Debug|Xbox 360.ActiveCfg = Debug|x86
		{7DC034F3-F563-4D32-BD21-426312AE5BE6}.Release|Any CPU.ActiveCfg = Release|x86
		{7DC034F3-F563-4D32-BD21-426312AE5BE6}.Release|Mixed Platforms.ActiveCfg = Release|x86
		{7DC034F3-F563-4D32-BD21-426312AE5BE6}.Release|x86.ActiveCfg = Release|x86
		{7DC034F3-F563-4D32-BD21-426312AE5BE6}.Release|Xbox 360.ActiveCfg = Release|x86
	EndGlobalSection
	GlobalSection(SolutionProperties) = preSolution
		HideSolutionNode = FALSE
	EndGlobalSection
	GlobalSection(NestedProjects) = preSolution
		{F9EDF7F7-3F69-4673-98B3-41E57B047458} = {D7891C74-2AE9-4136-A379-6237FA511CE7}
		{E13EB521-2958-41F4-A458-1EBC70EB270A} = {D7891C74-2AE9-4136-A379-6237FA511CE7}
		{8302D9F4-5CE9-4896-AC85-59150D0F3E52} = {D7891C74-2AE9-4136-A379-6237FA511CE7}
		{C0D09194-EE4D-479B-AE7A-B60B97893FBB} = {D7891C74-2AE9-4136-A379-6237FA511CE7}
		{C8E23C5F-7F59-4D9C-83CD-7959B52BBB2E} = {D7891C74-2AE9-4136-A379-6237FA511CE7}
		{98D9859D-5CFE-4D89-8582-35EAD5DEA9C2} = {D7891C74-2AE9-4136-A379-6237FA511CE7}
		{72E7FA8C-E472-44B9-A973-58D586C24AD7} = {D7891C74-2AE9-4136-A379-6237FA511CE7}
		{2DEF9F9D-DED2-4572-881D-6E018AEE957F} = {F9EDF7F7-3F69-4673-98B3-41E57B047458}
		{527BB23D-A674-4147-B58D-DCC894737140} = {F9EDF7F7-3F69-4673-98B3-41E57B047458}
		{1A7BCB9F-5DD2-4C16-9969-88C31720865F} = {F9EDF7F7-3F69-4673-98B3-41E57B047458}
		{22245733-2B6B-4BA6-B10B-016061B21DF1} = {E13EB521-2958-41F4-A458-1EBC70EB270A}
		{765D49C5-D157-4482-9E42-CE93D83F9AD1} = {E13EB521-2958-41F4-A458-1EBC70EB270A}
		{531E8C46-6FA1-4B25-AF6F-10BB9FF7326D} = {E13EB521-2958-41F4-A458-1EBC70EB270A}
		{C646B987-EA7E-4D82-A930-448DE583FEB3} = {8302D9F4-5CE9-4896-AC85-59150D0F3E52}
		{59E2469C-197F-4A4C-9D52-AA58EA49927E} = {8302D9F4-5CE9-4896-AC85-59150D0F3E52}
		{6FA77B7F-E933-4B25-AC4C-99E343B35AC8} = {8302D9F4-5CE9-4896-AC85-59150D0F3E52}
	EndGlobalSection
EndGlobal
