
Microsoft Visual Studio Solution File, Format Version 10.00
# Visual C++ Express 2008
Project("{8BC9CEB8-8B4A-11D0-8D11-00A0C91BC942}") = "HMMcpp", "HMMcpp.vcproj", "{A7CE3B85-D968-43EE-B542-864995A76625}"
EndProject
Project("{8BC9CEB8-8B4A-11D0-8D11-00A0C91BC942}") = "HMMCLR", "..\HMMCLR\HMMCLR.vcproj", "{E88EDE51-3D2C-43C7-BF0B-45819484FC92}"
	ProjectSection(ProjectDependencies) = postProject
		{CEBFFBEC-10E6-48BE-8FE5-1726481A92C2} = {CEBFFBEC-10E6-48BE-8FE5-1726481A92C2}
	EndProjectSection
EndProject
Project("{8BC9CEB8-8B4A-11D0-8D11-00A0C91BC942}") = "CLROpenCV", "..\CLROpenCV\CLROpenCV.vcproj", "{CEBFFBEC-10E6-48BE-8FE5-1726481A92C2}"
EndProject
Project("{FAE04EC0-301F-11D3-BF4B-00C04F79EFBC}") = "DssOpenCV", "..\DssOpenCV\DssOpenCV.csproj", "{3CE010BC-254F-41D0-A2E6-178736567642}"
EndProject
Project("{FAE04EC0-301F-11D3-BF4B-00C04F79EFBC}") = "DSSOpenCV2", "..\DSSOpenCV2\DSSOpenCV2.csproj", "{4DFDBB9E-C2AD-4099-B9CE-0A67CBD4285E}"
EndProject
Global
	GlobalSection(SolutionConfigurationPlatforms) = preSolution
		Debug|Any CPU = Debug|Any CPU
		Debug|Mixed Platforms = Debug|Mixed Platforms
		Debug|Win32 = Debug|Win32
		Debug|x64 = Debug|x64
		Release|Any CPU = Release|Any CPU
		Release|Mixed Platforms = Release|Mixed Platforms
		Release|Win32 = Release|Win32
		Release|x64 = Release|x64
	EndGlobalSection
	GlobalSection(ProjectConfigurationPlatforms) = postSolution
		{A7CE3B85-D968-43EE-B542-864995A76625}.Debug|Any CPU.ActiveCfg = Debug|Win32
		{A7CE3B85-D968-43EE-B542-864995A76625}.Debug|Any CPU.Build.0 = Debug|Win32
		{A7CE3B85-D968-43EE-B542-864995A76625}.Debug|Mixed Platforms.ActiveCfg = Debug|Win32
		{A7CE3B85-D968-43EE-B542-864995A76625}.Debug|Mixed Platforms.Build.0 = Debug|Win32
		{A7CE3B85-D968-43EE-B542-864995A76625}.Debug|Win32.ActiveCfg = Debug|Win32
		{A7CE3B85-D968-43EE-B542-864995A76625}.Debug|Win32.Build.0 = Debug|Win32
		{A7CE3B85-D968-43EE-B542-864995A76625}.Debug|x64.ActiveCfg = Debug|Win32
		{A7CE3B85-D968-43EE-B542-864995A76625}.Debug|x64.Build.0 = Debug|Win32
		{A7CE3B85-D968-43EE-B542-864995A76625}.Release|Any CPU.ActiveCfg = Release|Win32
		{A7CE3B85-D968-43EE-B542-864995A76625}.Release|Mixed Platforms.ActiveCfg = Release|Win32
		{A7CE3B85-D968-43EE-B542-864995A76625}.Release|Mixed Platforms.Build.0 = Release|Win32
		{A7CE3B85-D968-43EE-B542-864995A76625}.Release|Win32.ActiveCfg = Release|Win32
		{A7CE3B85-D968-43EE-B542-864995A76625}.Release|Win32.Build.0 = Release|Win32
		{A7CE3B85-D968-43EE-B542-864995A76625}.Release|x64.ActiveCfg = Release|Win32
		{A7CE3B85-D968-43EE-B542-864995A76625}.Release|x64.Build.0 = Release|Win32
		{E88EDE51-3D2C-43C7-BF0B-45819484FC92}.Debug|Any CPU.ActiveCfg = Debug|Win32
		{E88EDE51-3D2C-43C7-BF0B-45819484FC92}.Debug|Any CPU.Build.0 = Debug|Win32
		{E88EDE51-3D2C-43C7-BF0B-45819484FC92}.Debug|Mixed Platforms.ActiveCfg = Debug|Win32
		{E88EDE51-3D2C-43C7-BF0B-45819484FC92}.Debug|Mixed Platforms.Build.0 = Debug|Win32
		{E88EDE51-3D2C-43C7-BF0B-45819484FC92}.Debug|Win32.ActiveCfg = Debug|Win32
		{E88EDE51-3D2C-43C7-BF0B-45819484FC92}.Debug|Win32.Build.0 = Debug|Win32
		{E88EDE51-3D2C-43C7-BF0B-45819484FC92}.Debug|x64.ActiveCfg = Debug|Win32
		{E88EDE51-3D2C-43C7-BF0B-45819484FC92}.Debug|x64.Build.0 = Debug|Win32
		{E88EDE51-3D2C-43C7-BF0B-45819484FC92}.Release|Any CPU.ActiveCfg = Release|Win32
		{E88EDE51-3D2C-43C7-BF0B-45819484FC92}.Release|Mixed Platforms.ActiveCfg = Release|Win32
		{E88EDE51-3D2C-43C7-BF0B-45819484FC92}.Release|Mixed Platforms.Build.0 = Release|Win32
		{E88EDE51-3D2C-43C7-BF0B-45819484FC92}.Release|Win32.ActiveCfg = Release|Win32
		{E88EDE51-3D2C-43C7-BF0B-45819484FC92}.Release|Win32.Build.0 = Release|Win32
		{E88EDE51-3D2C-43C7-BF0B-45819484FC92}.Release|x64.ActiveCfg = Release|Win32
		{E88EDE51-3D2C-43C7-BF0B-45819484FC92}.Release|x64.Build.0 = Release|Win32
		{CEBFFBEC-10E6-48BE-8FE5-1726481A92C2}.Debug|Any CPU.ActiveCfg = Debug|Win32
		{CEBFFBEC-10E6-48BE-8FE5-1726481A92C2}.Debug|Any CPU.Build.0 = Debug|Win32
		{CEBFFBEC-10E6-48BE-8FE5-1726481A92C2}.Debug|Mixed Platforms.ActiveCfg = Debug|Win32
		{CEBFFBEC-10E6-48BE-8FE5-1726481A92C2}.Debug|Mixed Platforms.Build.0 = Debug|Win32
		{CEBFFBEC-10E6-48BE-8FE5-1726481A92C2}.Debug|Win32.ActiveCfg = Debug|Win32
		{CEBFFBEC-10E6-48BE-8FE5-1726481A92C2}.Debug|Win32.Build.0 = Debug|Win32
		{CEBFFBEC-10E6-48BE-8FE5-1726481A92C2}.Debug|x64.ActiveCfg = Debug|x64
		{CEBFFBEC-10E6-48BE-8FE5-1726481A92C2}.Debug|x64.Build.0 = Debug|x64
		{CEBFFBEC-10E6-48BE-8FE5-1726481A92C2}.Release|Any CPU.ActiveCfg = Release|Win32
		{CEBFFBEC-10E6-48BE-8FE5-1726481A92C2}.Release|Mixed Platforms.ActiveCfg = Release|Win32
		{CEBFFBEC-10E6-48BE-8FE5-1726481A92C2}.Release|Mixed Platforms.Build.0 = Release|Win32
		{CEBFFBEC-10E6-48BE-8FE5-1726481A92C2}.Release|Win32.ActiveCfg = Release|Win32
		{CEBFFBEC-10E6-48BE-8FE5-1726481A92C2}.Release|Win32.Build.0 = Release|Win32
		{CEBFFBEC-10E6-48BE-8FE5-1726481A92C2}.Release|x64.ActiveCfg = Release|Win32
		{CEBFFBEC-10E6-48BE-8FE5-1726481A92C2}.Release|x64.Build.0 = Release|Win32
		{3CE010BC-254F-41D0-A2E6-178736567642}.Debug|Any CPU.ActiveCfg = Debug|x86
		{3CE010BC-254F-41D0-A2E6-178736567642}.Debug|Any CPU.Build.0 = Debug|x86
		{3CE010BC-254F-41D0-A2E6-178736567642}.Debug|Mixed Platforms.ActiveCfg = Debug|Any CPU
		{3CE010BC-254F-41D0-A2E6-178736567642}.Debug|Mixed Platforms.Build.0 = Debug|Any CPU
		{3CE010BC-254F-41D0-A2E6-178736567642}.Debug|Win32.ActiveCfg = Debug|x86
		{3CE010BC-254F-41D0-A2E6-178736567642}.Debug|Win32.Build.0 = Debug|x86
		{3CE010BC-254F-41D0-A2E6-178736567642}.Debug|x64.ActiveCfg = Debug|Any CPU
		{3CE010BC-254F-41D0-A2E6-178736567642}.Debug|x64.Build.0 = Debug|Any CPU
		{3CE010BC-254F-41D0-A2E6-178736567642}.Release|Any CPU.ActiveCfg = Release|Any CPU
		{3CE010BC-254F-41D0-A2E6-178736567642}.Release|Any CPU.Build.0 = Release|Any CPU
		{3CE010BC-254F-41D0-A2E6-178736567642}.Release|Mixed Platforms.ActiveCfg = Release|Any CPU
		{3CE010BC-254F-41D0-A2E6-178736567642}.Release|Mixed Platforms.Build.0 = Release|Any CPU
		{3CE010BC-254F-41D0-A2E6-178736567642}.Release|Win32.ActiveCfg = Release|Any CPU
		{3CE010BC-254F-41D0-A2E6-178736567642}.Release|x64.ActiveCfg = Release|Any CPU
		{3CE010BC-254F-41D0-A2E6-178736567642}.Release|x64.Build.0 = Release|Any CPU
		{4DFDBB9E-C2AD-4099-B9CE-0A67CBD4285E}.Debug|Any CPU.ActiveCfg = Debug|Any CPU
		{4DFDBB9E-C2AD-4099-B9CE-0A67CBD4285E}.Debug|Any CPU.Build.0 = Debug|Any CPU
		{4DFDBB9E-C2AD-4099-B9CE-0A67CBD4285E}.Debug|Mixed Platforms.ActiveCfg = Debug|Any CPU
		{4DFDBB9E-C2AD-4099-B9CE-0A67CBD4285E}.Debug|Mixed Platforms.Build.0 = Debug|Any CPU
		{4DFDBB9E-C2AD-4099-B9CE-0A67CBD4285E}.Debug|Win32.ActiveCfg = Debug|Any CPU
		{4DFDBB9E-C2AD-4099-B9CE-0A67CBD4285E}.Debug|x64.ActiveCfg = Debug|Any CPU
		{4DFDBB9E-C2AD-4099-B9CE-0A67CBD4285E}.Release|Any CPU.ActiveCfg = Release|Any CPU
		{4DFDBB9E-C2AD-4099-B9CE-0A67CBD4285E}.Release|Any CPU.Build.0 = Release|Any CPU
		{4DFDBB9E-C2AD-4099-B9CE-0A67CBD4285E}.Release|Mixed Platforms.ActiveCfg = Release|Any CPU
		{4DFDBB9E-C2AD-4099-B9CE-0A67CBD4285E}.Release|Mixed Platforms.Build.0 = Release|Any CPU
		{4DFDBB9E-C2AD-4099-B9CE-0A67CBD4285E}.Release|Win32.ActiveCfg = Release|Any CPU
		{4DFDBB9E-C2AD-4099-B9CE-0A67CBD4285E}.Release|x64.ActiveCfg = Release|Any CPU
	EndGlobalSection
	GlobalSection(SolutionProperties) = preSolution
		HideSolutionNode = FALSE
	EndGlobalSection
EndGlobal
